{
  "name": "files-viewer",
  "version": "1.0.0",
  "lockfileVersion": 3,
  "requires": true,
  "packages": {
    "": {
      "name": "files-viewer",
      "version": "1.0.0",
      "license": "ISC",
      "dependencies": {
        "@rbxts/flipper": "^2.0.1",
        "@rbxts/roact": "^1.4.4-ts.0",
        "@rbxts/services": "^1.5.1",
        "cross-env": "^7.0.3",
        "mkdirp": "^3.0.1"
      },
      "devDependencies": {
        "@rbxts/compiler-types": "^2.1.0-types.1",
        "@rbxts/hax": "github:richie0866/rbxts-hax",
        "@rbxts/types": "^1.0.703",
        "typescript": "^5.1.6"
      }
    },
    "node_modules/@rbxts/compiler-types": {
      "version": "2.1.0-types.1",
      "resolved": "https://registry.npmjs.org/@rbxts/compiler-types/-/compiler-types-2.1.0-types.1.tgz",
      "integrity": "sha512-+ztwutzuNivWsgsERiC7n5il4C5gfJUuGJUmXYRq8FwY4ye3aupRi9RocmyAHq6255sO7z+RM61AVbqx3llsLQ==",
      "dev": true
    },
    "node_modules/@rbxts/flipper": {
      "version": "2.0.1",
      "resolved": "https://registry.npmjs.org/@rbxts/flipper/-/flipper-2.0.1.tgz",
      "integrity": "sha512-kxb5AZizP05XSmo3waS/QkcfNMD5b6HX4gGwyHOyBow260R5MIT4L/ZUPLvleXXyb9b67X4NVmHoac1tPXOLNA=="
    },
    "node_modules/@rbxts/hax": {
      "version": "1.1.0",
      "resolved": "git+ssh://git@github.com/richie0866/rbxts-hax.git#deccd39f06cfcb53db0a89050bc2f421b5346603",
      "dev": true,
      "license": "MIT"
    },
    "node_modules/@rbxts/roact": {
      "version": "1.4.4-ts.0",
      "resolved": "https://registry.npmjs.org/@rbxts/roact/-/roact-1.4.4-ts.0.tgz",
      "integrity": "sha512-gn9mBoGG/Clzgv2kyOvLNVd9dh5t6z+jukC3ITv2HnfPqvf/sMbz/VMaBoiB7t5umuiIe0LjW0ctZrkrS+uTOA=="
    },
    "node_modules/@rbxts/services": {
      "version": "1.5.1",
      "resolved": "https://registry.npmjs.org/@rbxts/services/-/services-1.5.1.tgz",
      "integrity": "sha512-SRtfIjga0K4YYSXRpK+eH3kcTq7ZXo9OHOt0jszaOOoEOIJloMGlyuRPqesPHyhveh2AMXAZr3TYbRMSD+u+kQ=="
    },
    "node_modules/@rbxts/types": {
      "version": "1.0.703",
      "resolved": "https://registry.npmjs.org/@rbxts/types/-/types-1.0.703.tgz",
      "integrity": "sha512-Z7P2ma96gIHjib+nBPl+VZj9m5J/lVXk+VEwIHYrwgUy2P8qZGaEJjBM1XcU8xY6LHCVAq82v14Ke9ZCY9499g==",
      "dev": true
    },
    "node_modules/cross-env": {
      "version": "7.0.3",
      "resolved": "https://registry.npmjs.org/cross-env/-/cross-env-7.0.3.tgz",
      "integrity": "sha512-+/HKd6EgcQCJGh2PSjZuUitQBQynKor4wrFbRg4DtAgS1aWO+gU52xpH7M9ScGgXSYmAVS9bIJ8EzuaGw0oNAw==",
      "dependencies": {
        "cross-spawn": "^7.0.1"
      },
      "bin": {
        "cross-env": "src/bin/cross-env.js",
        "cross-env-shell": "src/bin/cross-env-shell.js"
      },
      "engines": {
        "node": ">=10.14",
        "npm": ">=6",
        "yarn": ">=1"
      }
    },
    "node_modules/cross-spawn": {
      "version": "7.0.3",
      "resolved": "https://registry.npmjs.org/cross-spawn/-/cross-spawn-7.0.3.tgz",
      "integrity": "sha512-iRDPJKUPVEND7dHPO8rkbOnPpyDygcDFtWjpeWNCgy8WP2rXcxXL8TskReQl6OrB2G7+UJrags1q15Fudc7G6w==",
      "dependencies": {
        "path-key": "^3.1.0",
        "shebang-command": "^2.0.0",
        "which": "^2.0.1"
      },
      "engines": {
        "node": ">= 8"
      }
    },
    "node_modules/isexe": {
      "version": "2.0.0",
      "resolved": "https://registry.npmjs.org/isexe/-/isexe-2.0.0.tgz",
      "integrity": "sha512-RHxMLp9lnKHGHRng9QFhRCMbYAcVpn69smSGcq3f36xjgVVWThj4qqLbTLlq7Ssj8B+fIQ1EuCEGI2lKsyQeIw=="
    },
    "node_modules/mkdirp": {
      "version": "3.0.1",
      "resolved": "https://registry.npmjs.org/mkdirp/-/mkdirp-3.0.1.tgz",
      "integrity": "sha512-+NsyUUAZDmo6YVHzL/stxSu3t9YS1iljliy3BSDrXJ/dkn1KYdmtZODGGjLcc9XLgVVpH4KshHB8XmZgMhaBXg==",
      "bin": {
        "mkdirp": "dist/cjs/src/bin.js"
      },
      "engines": {
        "node": ">=10"
      },
      "funding": {
        "url": "https://github.com/sponsors/isaacs"
      }
    },
    "node_modules/path-key": {
      "version": "3.1.1",
      "resolved": "https://registry.npmjs.org/path-key/-/path-key-3.1.1.tgz",
      "integrity": "sha512-ojmeN0qd+y0jszEtoY48r0Peq5dwMEkIlCOu6Q5f41lfkswXuKtYrhgoTpLnyIcHm24Uhqx+5Tqm2InSwLhE6Q==",
      "engines": {
        "node": ">=8"
      }
    },
    "node_modules/shebang-command": {
      "version": "2.0.0",
      "resolved": "https://registry.npmjs.org/shebang-command/-/shebang-command-2.0.0.tgz",
      "integrity": "sha512-kHxr2zZpYtdmrN1qDjrrX/Z1rR1kG8Dx+gkpK1G4eXmvXswmcE1hTWBWYUzlraYw1/yZp6YuDY77YtvbN0dmDA==",
      "dependencies": {
        "shebang-regex": "^3.0.0"
      },
      "engines": {
        "node": ">=8"
      }
    },
    "node_modules/shebang-regex": {
      "version": "3.0.0",
      "resolved": "https://registry.npmjs.org/shebang-regex/-/shebang-regex-3.0.0.tgz",
      "integrity": "sha512-7++dFhtcx3353uBaq8DDR4NuxBetBzC7ZQOhmTQInHEd6bSrXdiEyzCvG07Z44UYdLShWUyXt5M/yhz8ekcb1A==",
      "engines": {
        "node": ">=8"
      }
    },
    "node_modules/typescript": {
      "version": "5.1.6",
      "resolved": "https://registry.npmjs.org/typescript/-/typescript-5.1.6.tgz",
      "integrity": "sha512-zaWCozRZ6DLEWAWFrVDz1H6FVXzUSfTy5FUMWsQlU8Ym5JP9eO4xkTIROFCQvhQf61z6O/G6ugw3SgAnvvm+HA==",
      "dev": true,
      "bin": {
        "tsc": "bin/tsc",
        "tsserver": "bin/tsserver"
      },
      "engines": {
        "node": ">=14.17"
      }
    },
    "node_modules/which": {
      "version": "2.0.2",
      "resolved": "https://registry.npmjs.org/which/-/which-2.0.2.tgz",
      "integrity": "sha512-BLI3Tl1TW3Pvl70l3yq3Y64i+awpwXqsGBYWkkqMtnbXgrMD+yj7rhW0kuEDxzJaYXGjEW5ogapKNMEKNMjibA==",
      "dependencies": {
        "isexe": "^2.0.0"
      },
      "bin": {
        "node-which": "bin/node-which"
      },
      "engines": {
        "node": ">= 8"
      }
    }
  }
}
